
Microsoft Visual Studio Solution File, Format Version 12.00
# Visual Studio Version 17
VisualStudioVersion = 17.5.33516.290
MinimumVisualStudioVersion = 10.0.40219.1
Project("{9A19103F-16F7-4668-BE54-9A1E7A4F7556}") = "BUAAToolkit", "BUAAToolkit.csproj", "{C63D6C56-B794-4411-85D7-274023B3063C}"
EndProject
Project("{9A19103F-16F7-4668-BE54-9A1E7A4F7556}") = "BUAAToolkit.Core", "..\BUAAToolkit.Core\BUAAToolkit.Core.csproj", "{77D92AD9-AA46-4747-83DA-23B264157CDE}"
EndProject
Global
	GlobalSection(SolutionConfigurationPlatforms) = preSolution
		Debug|Any CPU = Debug|Any CPU
		Debug|arm64 = Debug|arm64
		Debug|x64 = Debug|x64
		Debug|x86 = Debug|x86
		Release|Any CPU = Release|Any CPU
		Release|arm64 = Release|arm64
		Release|x64 = Release|x64
		Release|x86 = Release|x86
	EndGlobalSection
	GlobalSection(ProjectConfigurationPlatforms) = postSolution
		{C63D6C56-B794-4411-85D7-274023B3063C}.Debug|Any CPU.ActiveCfg = Debug|x64
		{C63D6C56-B794-4411-85D7-274023B3063C}.Debug|Any CPU.Build.0 = Debug|x64
		{C63D6C56-B794-4411-85D7-274023B3063C}.Debug|Any CPU.Deploy.0 = Debug|x64
		{C63D6C56-B794-4411-85D7-274023B3063C}.Debug|arm64.ActiveCfg = Debug|arm64
		{C63D6C56-B794-4411-85D7-274023B3063C}.Debug|arm64.Build.0 = Debug|arm64
		{C63D6C56-B794-4411-85D7-274023B3063C}.Debug|x64.ActiveCfg = Debug|x64
		{C63D6C56-B794-4411-85D7-274023B3063C}.Debug|x64.Build.0 = Debug|x64
		{C63D6C56-B794-4411-85D7-274023B3063C}.Debug|x86.ActiveCfg = Debug|x86
		{C63D6C56-B794-4411-85D7-274023B3063C}.Debug|x86.Build.0 = Debug|x86
		{C63D6C56-B794-4411-85D7-274023B3063C}.Debug|x86.Deploy.0 = Debug|x86
		{C63D6C56-B794-4411-85D7-274023B3063C}.Release|Any CPU.ActiveCfg = Release|x64
		{C63D6C56-B794-4411-85D7-274023B3063C}.Release|Any CPU.Build.0 = Release|x64
		{C63D6C56-B794-4411-85D7-274023B3063C}.Release|Any CPU.Deploy.0 = Release|x64
		{C63D6C56-B794-4411-85D7-274023B3063C}.Release|arm64.ActiveCfg = Release|arm64
		{C63D6C56-B794-4411-85D7-274023B3063C}.Release|arm64.Build.0 = Release|arm64
		{C63D6C56-B794-4411-85D7-274023B3063C}.Release|x64.ActiveCfg = Release|x64
		{C63D6C56-B794-4411-85D7-274023B3063C}.Release|x64.Build.0 = Release|x64
		{C63D6C56-B794-4411-85D7-274023B3063C}.Release|x86.ActiveCfg = Release|x86
		{C63D6C56-B794-4411-85D7-274023B3063C}.Release|x86.Build.0 = Release|x86
		{77D92AD9-AA46-4747-83DA-23B264157CDE}.Debug|Any CPU.ActiveCfg = Debug|Any CPU
		{77D92AD9-AA46-4747-83DA-23B264157CDE}.Debug|Any CPU.Build.0 = Debug|Any CPU
		{77D92AD9-AA46-4747-83DA-23B264157CDE}.Debug|arm64.ActiveCfg = Debug|arm64
		{77D92AD9-AA46-4747-83DA-23B264157CDE}.Debug|arm64.Build.0 = Debug|arm64
		{77D92AD9-AA46-4747-83DA-23B264157CDE}.Debug|x64.ActiveCfg = Debug|x64
		{77D92AD9-AA46-4747-83DA-23B264157CDE}.Debug|x64.Build.0 = Debug|x64
		{77D92AD9-AA46-4747-83DA-23B264157CDE}.Debug|x86.ActiveCfg = Debug|x86
		{77D92AD9-AA46-4747-83DA-23B264157CDE}.Debug|x86.Build.0 = Debug|x86
		{77D92AD9-AA46-4747-83DA-23B264157CDE}.Release|Any CPU.ActiveCfg = Release|Any CPU
		{77D92AD9-AA46-4747-83DA-23B264157CDE}.Release|Any CPU.Build.0 = Release|Any CPU
		{77D92AD9-AA46-4747-83DA-23B264157CDE}.Release|arm64.ActiveCfg = Release|arm64
		{77D92AD9-AA46-4747-83DA-23B264157CDE}.Release|arm64.Build.0 = Release|arm64
		{77D92AD9-AA46-4747-83DA-23B264157CDE}.Release|x64.ActiveCfg = Release|x64
		{77D92AD9-AA46-4747-83DA-23B264157CDE}.Release|x64.Build.0 = Release|x64
		{77D92AD9-AA46-4747-83DA-23B264157CDE}.Release|x86.ActiveCfg = Release|x86
		{77D92AD9-AA46-4747-83DA-23B264157CDE}.Release|x86.Build.0 = Release|x86
	EndGlobalSection
	GlobalSection(SolutionProperties) = preSolution
		HideSolutionNode = FALSE
	EndGlobalSection
	GlobalSection(ExtensibilityGlobals) = postSolution
		SolutionGuid = {DD1245F5-BBE4-4AE4-9204-A5A514B40D86}
	EndGlobalSection
EndGlobal
